// !$*UTF8*$!
{
	archiveVersion = 1;
	classes = {
	};
	objectVersion = 50;
	objects = {

/* Begin PBXBuildFile section */
		82B4ADEA2215407B002718CE /* AppDelegate.swift in Sources */ = {isa = PBXBuildFile; fileRef = 82B4ADE92215407B002718CE /* AppDelegate.swift */; };
		82B4ADEC2215407B002718CE /* ViewController.swift in Sources */ = {isa = PBXBuildFile; fileRef = 82B4ADEB2215407B002718CE /* ViewController.swift */; };
		82B4ADEF2215407B002718CE /* Main.storyboard in Resources */ = {isa = PBXBuildFile; fileRef = 82B4ADED2215407B002718CE /* Main.storyboard */; };
		82B4ADF12215407C002718CE /* Assets.xcassets in Resources */ = {isa = PBXBuildFile; fileRef = 82B4ADF02215407C002718CE /* Assets.xcassets */; };
		82B4ADF42215407C002718CE /* LaunchScreen.storyboard in Resources */ = {isa = PBXBuildFile; fileRef = 82B4ADF22215407C002718CE /* LaunchScreen.storyboard */; };
		82B4ADFF2215407C002718CE /* LeetCodeTests.swift in Sources */ = {isa = PBXBuildFile; fileRef = 82B4ADFE2215407C002718CE /* LeetCodeTests.swift */; };
		82B4AE0A2215407C002718CE /* LeetCodeUITests.swift in Sources */ = {isa = PBXBuildFile; fileRef = 82B4AE092215407C002718CE /* LeetCodeUITests.swift */; };
		82B4AE18221540C8002718CE /* OneDay.swift in Sources */ = {isa = PBXBuildFile; fileRef = 82B4AE17221540C8002718CE /* OneDay.swift */; };
/* End PBXBuildFile section */

/* Begin PBXContainerItemProxy section */
		82B4ADFB2215407C002718CE /* PBXContainerItemProxy */ = {
			isa = PBXContainerItemProxy;
			containerPortal = 82B4ADDE2215407B002718CE /* Project object */;
			proxyType = 1;
			remoteGlobalIDString = 82B4ADE52215407B002718CE;
			remoteInfo = LeetCode;
		};
		82B4AE062215407C002718CE /* PBXContainerItemProxy */ = {
			isa = PBXContainerItemProxy;
			containerPortal = 82B4ADDE2215407B002718CE /* Project object */;
			proxyType = 1;
			remoteGlobalIDString = 82B4ADE52215407B002718CE;
			remoteInfo = LeetCode;
		};
/* End PBXContainerItemProxy section */

/* Begin PBXFileReference section */
		82B4ADE62215407B002718CE /* LeetCode.app */ = {isa = PBXFileReference; explicitFileType = wrapper.application; includeInIndex = 0; path = LeetCode.app; sourceTree = BUILT_PRODUCTS_DIR; };
		82B4ADE92215407B002718CE /* AppDelegate.swift */ = {isa = PBXFileReference; lastKnownFileType = sourcecode.swift; path = AppDelegate.swift; sourceTree = "<group>"; };
		82B4ADEB2215407B002718CE /* ViewController.swift */ = {isa = PBXFileReference; lastKnownFileType = sourcecode.swift; path = ViewController.swift; sourceTree = "<group>"; };
		82B4ADEE2215407B002718CE /* Base */ = {isa = PBXFileReference; lastKnownFileType = file.storyboard; name = Base; path = Base.lproj/Main.storyboard; sourceTree = "<group>"; };
		82B4ADF02215407C002718CE /* Assets.xcassets */ = {isa = PBXFileReference; lastKnownFileType = folder.assetcatalog; path = Assets.xcassets; sourceTree = "<group>"; };
		82B4ADF32215407C002718CE /* Base */ = {isa = PBXFileReference; lastKnownFileType = file.storyboard; name = Base; path = Base.lproj/LaunchScreen.storyboard; sourceTree = "<group>"; };
		82B4ADF52215407C002718CE /* Info.plist */ = {isa = PBXFileReference; lastKnownFileType = text.plist.xml; path = Info.plist; sourceTree = "<group>"; };
		82B4ADFA2215407C002718CE /* LeetCodeTests.xctest */ = {isa = PBXFileReference; explicitFileType = wrapper.cfbundle; includeInIndex = 0; path = LeetCodeTests.xctest; sourceTree = BUILT_PRODUCTS_DIR; };
		82B4ADFE2215407C002718CE /* LeetCodeTests.swift */ = {isa = PBXFileReference; lastKnownFileType = sourcecode.swift; path = LeetCodeTests.swift; sourceTree = "<group>"; };
		82B4AE002215407C002718CE /* Info.plist */ = {isa = PBXFileReference; lastKnownFileType = text.plist.xml; path = Info.plist; sourceTree = "<group>"; };
		82B4AE052215407C002718CE /* LeetCodeUITests.xctest */ = {isa = PBXFileReference; explicitFileType = wrapper.cfbundle; includeInIndex = 0; path = LeetCodeUITests.xctest; sourceTree = BUILT_PRODUCTS_DIR; };
		82B4AE092215407C002718CE /* LeetCodeUITests.swift */ = {isa = PBXFileReference; lastKnownFileType = sourcecode.swift; path = LeetCodeUITests.swift; sourceTree = "<group>"; };
		82B4AE0B2215407C002718CE /* Info.plist */ = {isa = PBXFileReference; lastKnownFileType = text.plist.xml; path = Info.plist; sourceTree = "<group>"; };
		82B4AE17221540C8002718CE /* OneDay.swift */ = {isa = PBXFileReference; lastKnownFileType = sourcecode.swift; path = OneDay.swift; sourceTree = "<group>"; };
/* End PBXFileReference section */

/* Begin PBXFrameworksBuildPhase section */
		82B4ADE32215407B002718CE /* Frameworks */ = {
			isa = PBXFrameworksBuildPhase;
			buildActionMask = 2147483647;
			files = (
			);
			runOnlyForDeploymentPostprocessing = 0;
		};
		82B4ADF72215407C002718CE /* Frameworks */ = {
			isa = PBXFrameworksBuildPhase;
			buildActionMask = 2147483647;
			files = (
			);
			runOnlyForDeploymentPostprocessing = 0;
		};
		82B4AE022215407C002718CE /* Frameworks */ = {
			isa = PBXFrameworksBuildPhase;
			buildActionMask = 2147483647;
			files = (
			);
			runOnlyForDeploymentPostprocessing = 0;
		};
/* End PBXFrameworksBuildPhase section */

/* Begin PBXGroup section */
		82B4ADDD2215407B002718CE = {
			isa = PBXGroup;
			children = (
				82B4ADE82215407B002718CE /* LeetCode */,
				82B4ADFD2215407C002718CE /* LeetCodeTests */,
				82B4AE082215407C002718CE /* LeetCodeUITests */,
				82B4ADE72215407B002718CE /* Products */,
			);
			sourceTree = "<group>";
		};
		82B4ADE72215407B002718CE /* Products */ = {
			isa = PBXGroup;
			children = (
				82B4ADE62215407B002718CE /* LeetCode.app */,
				82B4ADFA2215407C002718CE /* LeetCodeTests.xctest */,
				82B4AE052215407C002718CE /* LeetCodeUITests.xctest */,
			);
			name = Products;
			sourceTree = "<group>";
		};
		82B4ADE82215407B002718CE /* LeetCode */ = {
			isa = PBXGroup;
			children = (
				82B4ADE92215407B002718CE /* AppDelegate.swift */,
				82B4ADEB2215407B002718CE /* ViewController.swift */,
				82B4AE17221540C8002718CE /* OneDay.swift */,
				82B4ADED2215407B002718CE /* Main.storyboard */,
				82B4ADF02215407C002718CE /* Assets.xcassets */,
				82B4ADF22215407C002718CE /* LaunchScreen.storyboard */,
				82B4ADF52215407C002718CE /* Info.plist */,
			);
			path = LeetCode;
			sourceTree = "<group>";
		};
		82B4ADFD2215407C002718CE /* LeetCodeTests */ = {
			isa = PBXGroup;
			children = (
				82B4ADFE2215407C002718CE /* LeetCodeTests.swift */,
				82B4AE002215407C002718CE /* Info.plist */,
			);
			path = LeetCodeTests;
			sourceTree = "<group>";
		};
		82B4AE082215407C002718CE /* LeetCodeUITests */ = {
			isa = PBXGroup;
			children = (
				82B4AE092215407C002718CE /* LeetCodeUITests.swift */,
				82B4AE0B2215407C002718CE /* Info.plist */,
			);
			path = LeetCodeUITests;
			sourceTree = "<group>";
		};
/* End PBXGroup section */

/* Begin PBXNativeTarget section */
		82B4ADE52215407B002718CE /* LeetCode */ = {
			isa = PBXNativeTarget;
			buildConfigurationList = 82B4AE0E2215407C002718CE /* Build configuration list for PBXNativeTarget "LeetCode" */;
			buildPhases = (
				82B4ADE22215407B002718CE /* Sources */,
				82B4ADE32215407B002718CE /* Frameworks */,
				82B4ADE42215407B002718CE /* Resources */,
			);
			buildRules = (
			);
			dependencies = (
			);
			name = LeetCode;
			productName = LeetCode;
			productReference = 82B4ADE62215407B002718CE /* LeetCode.app */;
			productType = "com.apple.product-type.application";
		};
		82B4ADF92215407C002718CE /* LeetCodeTests */ = {
			isa = PBXNativeTarget;
			buildConfigurationList = 82B4AE112215407C002718CE /* Build configuration list for PBXNativeTarget "LeetCodeTests" */;
			buildPhases = (
				82B4ADF62215407C002718CE /* Sources */,
				82B4ADF72215407C002718CE /* Frameworks */,
				82B4ADF82215407C002718CE /* Resources */,
			);
			buildRules = (
			);
			dependencies = (
				82B4ADFC2215407C002718CE /* PBXTargetDependency */,
			);
			name = LeetCodeTests;
			productName = LeetCodeTests;
			productReference = 82B4ADFA2215407C002718CE /* LeetCodeTests.xctest */;
			productType = "com.apple.product-type.bundle.unit-test";
		};
		82B4AE042215407C002718CE /* LeetCodeUITests */ = {
			isa = PBXNativeTarget;
			buildConfigurationList = 82B4AE142215407C002718CE /* Build configuration list for PBXNativeTarget "LeetCodeUITests" */;
			buildPhases = (
				82B4AE012215407C002718CE /* Sources */,
				82B4AE022215407C002718CE /* Frameworks */,
				82B4AE032215407C002718CE /* Resources */,
			);
			buildRules = (
			);
			dependencies = (
				82B4AE072215407C002718CE /* PBXTargetDependency */,
			);
			name = LeetCodeUITests;
			productName = LeetCodeUITests;
			productReference = 82B4AE052215407C002718CE /* LeetCodeUITests.xctest */;
			productType = "com.apple.product-type.bundle.ui-testing";
		};
/* End PBXNativeTarget section */

/* Begin PBXProject section */
		82B4ADDE2215407B002718CE /* Project object */ = {
			isa = PBXProject;
			attributes = {
				LastSwiftUpdateCheck = 1010;
				LastUpgradeCheck = 1010;
				ORGANIZATIONNAME = "张小龙";
				TargetAttributes = {
					82B4ADE52215407B002718CE = {
						CreatedOnToolsVersion = 10.1;
					};
					82B4ADF92215407C002718CE = {
						CreatedOnToolsVersion = 10.1;
						TestTargetID = 82B4ADE52215407B002718CE;
					};
					82B4AE042215407C002718CE = {
						CreatedOnToolsVersion = 10.1;
						TestTargetID = 82B4ADE52215407B002718CE;
					};
				};
			};
			buildConfigurationList = 82B4ADE12215407B002718CE /* Build configuration list for PBXProject "LeetCode" */;
			compatibilityVersion = "Xcode 9.3";
			developmentRegion = en;
			hasScannedForEncodings = 0;
			knownRegions = (
				en,
				Base,
			);
			mainGroup = 82B4ADDD2215407B002718CE;
			productRefGroup = 82B4ADE72215407B002718CE /* Products */;
			projectDirPath = "";
			projectRoot = "";
			targets = (
				82B4ADE52215407B002718CE /* LeetCode */,
				82B4ADF92215407C002718CE /* LeetCodeTests */,
				82B4AE042215407C002718CE /* LeetCodeUITests */,
			);
		};
/* End PBXProject section */

/* Begin PBXResourcesBuildPhase section */
		82B4ADE42215407B002718CE /* Resources */ = {
			isa = PBXResourcesBuildPhase;
			buildActionMask = 2147483647;
			files = (
				82B4ADF42215407C002718CE /* LaunchScreen.storyboard in Resources */,
				82B4ADF12215407C002718CE /* Assets.xcassets in Resources */,
				82B4ADEF2215407B002718CE /* Main.storyboard in Resources */,
			);
			runOnlyForDeploymentPostprocessing = 0;
		};
		82B4ADF82215407C002718CE /* Resources */ = {
			isa = PBXResourcesBuildPhase;
			buildActionMask = 2147483647;
			files = (
			);
			runOnlyForDeploymentPostprocessing = 0;
		};
		82B4AE032215407C002718CE /* Resources */ = {
			isa = PBXResourcesBuildPhase;
			buildActionMask = 2147483647;
			files = (
			);
			runOnlyForDeploymentPostprocessing = 0;
		};
/* End PBXResourcesBuildPhase section */

/* Begin PBXSourcesBuildPhase section */
		82B4ADE22215407B002718CE /* Sources */ = {
			isa = PBXSourcesBuildPhase;
			buildActionMask = 2147483647;
			files = (
				82B4ADEC2215407B002718CE /* ViewController.swift in Sources */,
				82B4ADEA2215407B002718CE /* AppDelegate.swift in Sources */,
				82B4AE18221540C8002718CE /* OneDay.swift in Sources */,
			);
			runOnlyForDeploymentPostprocessing = 0;
		};
		82B4ADF62215407C002718CE /* Sources */ = {
			isa = PBXSourcesBuildPhase;
			buildActionMask = 2147483647;
			files = (
				82B4ADFF2215407C002718CE /* LeetCodeTests.swift in Sources */,
			);
			runOnlyForDeploymentPostprocessing = 0;
		};
		82B4AE012215407C002718CE /* Sources */ = {
			isa = PBXSourcesBuildPhase;
			buildActionMask = 2147483647;
			files = (
				82B4AE0A2215407C002718CE /* LeetCodeUITests.swift in Sources */,
			);
			runOnlyForDeploymentPostprocessing = 0;
		};
/* End PBXSourcesBuildPhase section */

/* Begin PBXTargetDependency section */
		82B4ADFC2215407C002718CE /* PBXTargetDependency */ = {
			isa = PBXTargetDependency;
			target = 82B4ADE52215407B002718CE /* LeetCode */;
			targetProxy = 82B4ADFB2215407C002718CE /* PBXContainerItemProxy */;
		};
		82B4AE072215407C002718CE /* PBXTargetDependency */ = {
			isa = PBXTargetDependency;
			target = 82B4ADE52215407B002718CE /* LeetCode */;
			targetProxy = 82B4AE062215407C002718CE /* PBXContainerItemProxy */;
		};
/* End PBXTargetDependency section */

/* Begin PBXVariantGroup section */
		82B4ADED2215407B002718CE /* Main.storyboard */ = {
			isa = PBXVariantGroup;
			children = (
				82B4ADEE2215407B002718CE /* Base */,
			);
			name = Main.storyboard;
			sourceTree = "<group>";
		};
		82B4ADF22215407C002718CE /* LaunchScreen.storyboard */ = {
			isa = PBXVariantGroup;
			children = (
				82B4ADF32215407C002718CE /* Base */,
			);
			name = LaunchScreen.storyboard;
			sourceTree = "<group>";
		};
/* End PBXVariantGroup section */

/* Begin XCBuildConfiguration section */
		82B4AE0C2215407C002718CE /* Debug */ = {
			isa = XCBuildConfiguration;
			buildSettings = {
				ALWAYS_SEARCH_USER_PATHS = NO;
				CLANG_ANALYZER_NONNULL = YES;
				CLANG_ANALYZER_NUMBER_OBJECT_CONVERSION = YES_AGGRESSIVE;
				CLANG_CXX_LANGUAGE_STANDARD = "gnu++14";
				CLANG_CXX_LIBRARY = "libc++";
				CLANG_ENABLE_MODULES = YES;
				CLANG_ENABLE_OBJC_ARC = YES;
				CLANG_ENABLE_OBJC_WEAK = YES;
				CLANG_WARN_BLOCK_CAPTURE_AUTORELEASING = YES;
				CLANG_WARN_BOOL_CONVERSION = YES;
				CLANG_WARN_COMMA = YES;
				CLANG_WARN_CONSTANT_CONVERSION = YES;
				CLANG_WARN_DEPRECATED_OBJC_IMPLEMENTATIONS = YES;
				CLANG_WARN_DIRECT_OBJC_ISA_USAGE = YES_ERROR;
				CLANG_WARN_DOCUMENTATION_COMMENTS = YES;
				CLANG_WARN_EMPTY_BODY = YES;
				CLANG_WARN_ENUM_CONVERSION = YES;
				CLANG_WARN_INFINITE_RECURSION = YES;
				CLANG_WARN_INT_CONVERSION = YES;
				CLANG_WARN_NON_LITERAL_NULL_CONVERSION = YES;
				CLANG_WARN_OBJC_IMPLICIT_RETAIN_SELF = YES;
				CLANG_WARN_OBJC_LITERAL_CONVERSION = YES;
				CLANG_WARN_OBJC_ROOT_CLASS = YES_ERROR;
				CLANG_WARN_RANGE_LOOP_ANALYSIS = YES;
				CLANG_WARN_STRICT_PROTOTYPES = YES;
				CLANG_WARN_SUSPICIOUS_MOVE = YES;
				CLANG_WARN_UNGUARDED_AVAILABILITY = YES_AGGRESSIVE;
				CLANG_WARN_UNREACHABLE_CODE = YES;
				CLANG_WARN__DUPLICATE_METHOD_MATCH = YES;
				CODE_SIGN_IDENTITY = "iPhone Developer";
				COPY_PHASE_STRIP = NO;
				DEBUG_INFORMATION_FORMAT = dwarf;
				ENABLE_STRICT_OBJC_MSGSEND = YES;
				ENABLE_TESTABILITY = YES;
				GCC_C_LANGUAGE_STANDARD = gnu11;
				GCC_DYNAMIC_NO_PIC = NO;
				GCC_NO_COMMON_BLOCKS = YES;
				GCC_OPTIMIZATION_LEVEL = 0;
				GCC_PREPROCESSOR_DEFINITIONS = (
					"DEBUG=1",
					"$(inherited)",
				);
				GCC_WARN_64_TO_32_BIT_CONVERSION = YES;
				GCC_WARN_ABOUT_RETURN_TYPE = YES_ERROR;
				GCC_WARN_UNDECLARED_SELECTOR = YES;
				GCC_WARN_UNINITIALIZED_AUTOS = YES_AGGRESSIVE;
				GCC_WARN_UNUSED_FUNCTION = YES;
				GCC_WARN_UNUSED_VARIABLE = YES;
				IPHONEOS_DEPLOYMENT_TARGET = 12.1;
				MTL_ENABLE_DEBUG_INFO = INCLUDE_SOURCE;
				MTL_FAST_MATH = YES;
				ONLY_ACTIVE_ARCH = YES;
				SDKROOT = iphoneos;
				SWIFT_ACTIVE_COMPILATION_CONDITIONS = DEBUG;
				SWIFT_OPTIMIZATION_LEVEL = "-Onone";
			};
			name = Debug;
		};
		82B4AE0D2215407C002718CE /* Release */ = {
			isa = XCBuildConfiguration;
			buildSettings = {
				ALWAYS_SEARCH_USER_PATHS = NO;
				CLANG_ANALYZER_NONNULL = YES;
				CLANG_ANALYZER_NUMBER_OBJECT_CONVERSION = YES_AGGRESSIVE;
				CLANG_CXX_LANGUAGE_STANDARD = "gnu++14";
				CLANG_CXX_LIBRARY = "libc++";
				CLANG_ENABLE_MODULES = YES;
				CLANG_ENABLE_OBJC_ARC = YES;
				CLANG_ENABLE_OBJC_WEAK = YES;
				CLANG_WARN_BLOCK_CAPTURE_AUTORELEASING = YES;
				CLANG_WARN_BOOL_CONVERSION = YES;
				CLANG_WARN_COMMA = YES;
				CLANG_WARN_CONSTANT_CONVERSION = YES;
				CLANG_WARN_DEPRECATED_OBJC_IMPLEMENTATIONS = YES;
				CLANG_WARN_DIRECT_OBJC_ISA_USAGE = YES_ERROR;
				CLANG_WARN_DOCUMENTATION_COMMENTS = YES;
				CLANG_WARN_EMPTY_BODY = YES;
				CLANG_WARN_ENUM_CONVERSION = YES;
				CLANG_WARN_INFINITE_RECURSION = YES;
				CLANG_WARN_INT_CONVERSION = YES;
				CLANG_WARN_NON_LITERAL_NULL_CONVERSION = YES;
				CLANG_WARN_OBJC_IMPLICIT_RETAIN_SELF = YES;
				CLANG_WARN_OBJC_LITERAL_CONVERSION = YES;
				CLANG_WARN_OBJC_ROOT_CLASS = YES_ERROR;
				CLANG_WARN_RANGE_LOOP_ANALYSIS = YES;
				CLANG_WARN_STRICT_PROTOTYPES = YES;
				CLANG_WARN_SUSPICIOUS_MOVE = YES;
				CLANG_WARN_UNGUARDED_AVAILABILITY = YES_AGGRESSIVE;
				CLANG_WARN_UNREACHABLE_CODE = YES;
				CLANG_WARN__DUPLICATE_METHOD_MATCH = YES;
				CODE_SIGN_IDENTITY = "iPhone Developer";
				COPY_PHASE_STRIP = NO;
				DEBUG_INFORMATION_FORMAT = "dwarf-with-dsym";
				ENABLE_NS_ASSERTIONS = NO;
				ENABLE_STRICT_OBJC_MSGSEND = YES;
				GCC_C_LANGUAGE_STANDARD = gnu11;
				GCC_NO_COMMON_BLOCKS = YES;
				GCC_WARN_64_TO_32_BIT_CONVERSION = YES;
				GCC_WARN_ABOUT_RETURN_TYPE = YES_ERROR;
				GCC_WARN_UNDECLARED_SELECTOR = YES;
				GCC_WARN_UNINITIALIZED_AUTOS = YES_AGGRESSIVE;
				GCC_WARN_UNUSED_FUNCTION = YES;
				GCC_WARN_UNUSED_VARIABLE = YES;
				IPHONEOS_DEPLOYMENT_TARGET = 12.1;
				MTL_ENABLE_DEBUG_INFO = NO;
				MTL_FAST_MATH = YES;
				SDKROOT = iphoneos;
				SWIFT_COMPILATION_MODE = wholemodule;
				SWIFT_OPTIMIZATION_LEVEL = "-O";
				VALIDATE_PRODUCT = YES;
			};
			name = Release;
		};
		82B4AE0F2215407C002718CE /* Debug */ = {
			isa = XCBuildConfiguration;
			buildSettings = {
				ASSETCATALOG_COMPILER_APPICON_NAME = AppIcon;
				CODE_SIGN_STYLE = Automatic;
				DEVELOPMENT_TEAM = 7T87C2R7MW;
				INFOPLIST_FILE = LeetCode/Info.plist;
				LD_RUNPATH_SEARCH_PATHS = (
					"$(inherited)",
					"@executable_path/Frameworks",
				);
				PRODUCT_BUNDLE_IDENTIFIER = com.jlb.LeetCode;
				PRODUCT_NAME = "$(TARGET_NAME)";
				SWIFT_VERSION = 4.2;
				TARGETED_DEVICE_FAMILY = "1,2";
			};
			name = Debug;
		};
		82B4AE102215407C002718CE /* Release */ = {
			isa = XCBuildConfiguration;
			buildSettings = {
				ASSETCATALOG_COMPILER_APPICON_NAME = AppIcon;
				CODE_SIGN_STYLE = Automatic;
				DEVELOPMENT_TEAM = 7T87C2R7MW;
				INFOPLIST_FILE = LeetCode/Info.plist;
				LD_RUNPATH_SEARCH_PATHS = (
					"$(inherited)",
					"@executable_path/Frameworks",
				);
				PRODUCT_BUNDLE_IDENTIFIER = com.jlb.LeetCode;
				PRODUCT_NAME = "$(TARGET_NAME)";
				SWIFT_VERSION = 4.2;
				TARGETED_DEVICE_FAMILY = "1,2";
			};
			name = Release;
		};
		82B4AE122215407C002718CE /* Debug */ = {
			isa = XCBuildConfiguration;
			buildSettings = {
				ALWAYS_EMBED_SWIFT_STANDARD_LIBRARIES = YES;
				BUNDLE_LOADER = "$(TEST_HOST)";
				CODE_SIGN_STYLE = Automatic;
				DEVELOPMENT_TEAM = 7T87C2R7MW;
				INFOPLIST_FILE = LeetCodeTests/Info.plist;
				LD_RUNPATH_SEARCH_PATHS = (
					"$(inherited)",
					"@executable_path/Frameworks",
					"@loader_path/Frameworks",
				);
				PRODUCT_BUNDLE_IDENTIFIER = com.jlb.LeetCodeTests;
				PRODUCT_NAME = "$(TARGET_NAME)";
				SWIFT_VERSION = 4.2;
				TARGETED_DEVICE_FAMILY = "1,2";
				TEST_HOST = "$(BUILT_PRODUCTS_DIR)/LeetCode.app/LeetCode";
			};
			name = Debug;
		};
		82B4AE132215407C002718CE /* Release */ = {
			isa = XCBuildConfiguration;
			buildSettings = {
				ALWAYS_EMBED_SWIFT_STANDARD_LIBRARIES = YES;
				BUNDLE_LOADER = "$(TEST_HOST)";
				CODE_SIGN_STYLE = Automatic;
				DEVELOPMENT_TEAM = 7T87C2R7MW;
				INFOPLIST_FILE = LeetCodeTests/Info.plist;
				LD_RUNPATH_SEARCH_PATHS = (
					"$(inherited)",
					"@executable_path/Frameworks",
					"@loader_path/Frameworks",
				);
				PRODUCT_BUNDLE_IDENTIFIER = com.jlb.LeetCodeTests;
				PRODUCT_NAME = "$(TARGET_NAME)";
				SWIFT_VERSION = 4.2;
				TARGETED_DEVICE_FAMILY = "1,2";
				TEST_HOST = "$(BUILT_PRODUCTS_DIR)/LeetCode.app/LeetCode";
			};
			name = Release;
		};
		82B4AE152215407C002718CE /* Debug */ = {
			isa = XCBuildConfiguration;
			buildSettings = {
				ALWAYS_EMBED_SWIFT_STANDARD_LIBRARIES = YES;
				CODE_SIGN_STYLE = Automatic;
				DEVELOPMENT_TEAM = 7T87C2R7MW;
				INFOPLIST_FILE = LeetCodeUITests/Info.plist;
				LD_RUNPATH_SEARCH_PATHS = (
					"$(inherited)",
					"@executable_path/Frameworks",
					"@loader_path/Frameworks",
				);
				PRODUCT_BUNDLE_IDENTIFIER = com.jlb.LeetCodeUITests;
				PRODUCT_NAME = "$(TARGET_NAME)";
				SWIFT_VERSION = 4.2;
				TARGETED_DEVICE_FAMILY = "1,2";
				TEST_TARGET_NAME = LeetCode;
			};
			name = Debug;
		};
		82B4AE162215407C002718CE /* Release */ = {
			isa = XCBuildConfiguration;
			buildSettings = {
				ALWAYS_EMBED_SWIFT_STANDARD_LIBRARIES = YES;
				CODE_SIGN_STYLE = Automatic;
				DEVELOPMENT_TEAM = 7T87C2R7MW;
				INFOPLIST_FILE = LeetCodeUITests/Info.plist;
				LD_RUNPATH_SEARCH_PATHS = (
					"$(inherited)",
					"@executable_path/Frameworks",
					"@loader_path/Frameworks",
				);
				PRODUCT_BUNDLE_IDENTIFIER = com.jlb.LeetCodeUITests;
				PRODUCT_NAME = "$(TARGET_NAME)";
				SWIFT_VERSION = 4.2;
				TARGETED_DEVICE_FAMILY = "1,2";
				TEST_TARGET_NAME = LeetCode;
			};
			name = Release;
		};
/* End XCBuildConfiguration section */

/* Begin XCConfigurationList section */
		82B4ADE12215407B002718CE /* Build configuration list for PBXProject "LeetCode" */ = {
			isa = XCConfigurationList;
			buildConfigurations = (
				82B4AE0C2215407C002718CE /* Debug */,
				82B4AE0D2215407C002718CE /* Release */,
			);
			defaultConfigurationIsVisible = 0;
			defaultConfigurationName = Release;
		};
		82B4AE0E2215407C002718CE /* Build configuration list for PBXNativeTarget "LeetCode" */ = {
			isa = XCConfigurationList;
			buildConfigurations = (
				82B4AE0F2215407C002718CE /* Debug */,
				82B4AE102215407C002718CE /* Release */,
			);
			defaultConfigurationIsVisible = 0;
			defaultConfigurationName = Release;
		};
		82B4AE112215407C002718CE /* Build configuration list for PBXNativeTarget "LeetCodeTests" */ = {
			isa = XCConfigurationList;
			buildConfigurations = (
				82B4AE122215407C002718CE /* Debug */,
				82B4AE132215407C002718CE /* Release */,
			);
			defaultConfigurationIsVisible = 0;
			defaultConfigurationName = Release;
		};
		82B4AE142215407C002718CE /* Build configuration list for PBXNativeTarget "LeetCodeUITests" */ = {
			isa = XCConfigurationList;
			buildConfigurations = (
				82B4AE152215407C002718CE /* Debug */,
				82B4AE162215407C002718CE /* Release */,
			);
			defaultConfigurationIsVisible = 0;
			defaultConfigurationName = Release;
		};
/* End XCConfigurationList section */
	};
	rootObject = 82B4ADDE2215407B002718CE /* Project object */;
}
